
Microsoft Visual Studio Solution File, Format Version 12.00
# Visual Studio Version 16
VisualStudioVersion = 16.0.31112.23
MinimumVisualStudioVersion = 10.0.40219.1
Project("{FAE04EC0-301F-11D3-BF4B-00C04F79EFBC}") = "HD_proj", "HD_proj\HD_proj.csproj", "{BA2BC208-D0D6-4AFE-9D84-D057F10A6F7F}"
EndProject
Global
	GlobalSection(SolutionConfigurationPlatforms) = preSolution
		Debug|Any CPU = Debug|Any CPU
		Release|Any CPU = Release|Any CPU
	EndGlobalSection
	GlobalSection(ProjectConfigurationPlatforms) = postSolution
		{BA2BC208-D0D6-4AFE-9D84-D057F10A6F7F}.Debug|Any CPU.ActiveCfg = Debug|Any CPU
		{BA2BC208-D0D6-4AFE-9D84-D057F10A6F7F}.Debug|Any CPU.Build.0 = Debug|Any CPU
		{BA2BC208-D0D6-4AFE-9D84-D057F10A6F7F}.Release|Any CPU.ActiveCfg = Release|Any CPU
		{BA2BC208-D0D6-4AFE-9D84-D057F10A6F7F}.Release|Any CPU.Build.0 = Release|Any CPU
	EndGlobalSection
	GlobalSection(SolutionProperties) = preSolution
		HideSolutionNode = FALSE
	EndGlobalSection
	GlobalSection(ExtensibilityGlobals) = postSolution
		SolutionGuid = {7E699C19-1868-4E4A-848D-BFB1A6091A22}
	EndGlobalSection
EndGlobal
